
Microsoft Visual Studio Solution File, Format Version 12.00
# Visual Studio Version 16
VisualStudioVersion = 25.0.1703.0
MinimumVisualStudioVersion = 10.0.40219.1
Project("{FAE04EC0-301F-11D3-BF4B-00C04F79EFBC}") = "backend", "backend.csproj", "{E17101AF-E893-43F4-A728-C318BF8D8FEF}"
EndProject
Global
	GlobalSection(SolutionConfigurationPlatforms) = preSolution
		Debug|Any CPU = Debug|Any CPU
		Release|Any CPU = Release|Any CPU
	EndGlobalSection
	GlobalSection(ProjectConfigurationPlatforms) = postSolution
		{E17101AF-E893-43F4-A728-C318BF8D8FEF}.Debug|Any CPU.ActiveCfg = Debug|Any CPU
		{E17101AF-E893-43F4-A728-C318BF8D8FEF}.Debug|Any CPU.Build.0 = Debug|Any CPU
		{E17101AF-E893-43F4-A728-C318BF8D8FEF}.Release|Any CPU.ActiveCfg = Release|Any CPU
		{E17101AF-E893-43F4-A728-C318BF8D8FEF}.Release|Any CPU.Build.0 = Release|Any CPU
	EndGlobalSection
	GlobalSection(SolutionProperties) = preSolution
		HideSolutionNode = FALSE
	EndGlobalSection
	GlobalSection(ExtensibilityGlobals) = postSolution
		SolutionGuid = {D8C3ECA9-8784-4A8F-8C20-DD9D2178DB0E}
	EndGlobalSection
EndGlobal
